
Microsoft Visual Studio Solution File, Format Version 12.00
# Visual Studio Version 16
VisualStudioVersion = 16.0.31402.337
MinimumVisualStudioVersion = 10.0.40219.1
Project("{FAE04EC0-301F-11D3-BF4B-00C04F79EFBC}") = "EntityFrameworkTest", "EntityFrameworkTest\EntityFrameworkTest.csproj", "{25C49759-E851-4C73-A05E-C5EEFF5FBCD0}"
EndProject
Project("{FAE04EC0-301F-11D3-BF4B-00C04F79EFBC}") = "EntityFrameworkTest.DataAccess", "EntityFrameworkTest.DataAccess\EntityFrameworkTest.DataAccess.csproj", "{FF31DEBE-1AEC-4AA6-9AE0-6B2725F5DB2F}"
EndProject
Project("{FAE04EC0-301F-11D3-BF4B-00C04F79EFBC}") = "WinFormsAsync", "WinFormsAsync\WinFormsAsync.csproj", "{0040BE0B-06AC-4FB2-B52B-C36126BA1323}"
EndProject
Project("{FAE04EC0-301F-11D3-BF4B-00C04F79EFBC}") = "SQLiteNetRelations", "SQLiteNetRelations\SQLiteNetRelations.csproj", "{807809FA-68BD-47A6-B882-860D2139FA62}"
EndProject
Project("{FAE04EC0-301F-11D3-BF4B-00C04F79EFBC}") = "WeekOfYearTest", "WeekOfYearTest\WeekOfYearTest.csproj", "{7047273D-3013-4DDD-B20E-EE68DD3C0EBA}"
EndProject
Project("{FAE04EC0-301F-11D3-BF4B-00C04F79EFBC}") = "WPFNestedBindingTest", "WPFNestedBindingTest\WPFNestedBindingTest.csproj", "{EAE8C714-8C6F-4B25-8C14-941EE80903F7}"
EndProject
Global
	GlobalSection(SolutionConfigurationPlatforms) = preSolution
		Debug|Any CPU = Debug|Any CPU
		Release|Any CPU = Release|Any CPU
	EndGlobalSection
	GlobalSection(ProjectConfigurationPlatforms) = postSolution
		{25C49759-E851-4C73-A05E-C5EEFF5FBCD0}.Debug|Any CPU.ActiveCfg = Debug|Any CPU
		{25C49759-E851-4C73-A05E-C5EEFF5FBCD0}.Debug|Any CPU.Build.0 = Debug|Any CPU
		{25C49759-E851-4C73-A05E-C5EEFF5FBCD0}.Release|Any CPU.ActiveCfg = Release|Any CPU
		{25C49759-E851-4C73-A05E-C5EEFF5FBCD0}.Release|Any CPU.Build.0 = Release|Any CPU
		{FF31DEBE-1AEC-4AA6-9AE0-6B2725F5DB2F}.Debug|Any CPU.ActiveCfg = Debug|Any CPU
		{FF31DEBE-1AEC-4AA6-9AE0-6B2725F5DB2F}.Debug|Any CPU.Build.0 = Debug|Any CPU
		{FF31DEBE-1AEC-4AA6-9AE0-6B2725F5DB2F}.Release|Any CPU.ActiveCfg = Release|Any CPU
		{FF31DEBE-1AEC-4AA6-9AE0-6B2725F5DB2F}.Release|Any CPU.Build.0 = Release|Any CPU
		{0040BE0B-06AC-4FB2-B52B-C36126BA1323}.Debug|Any CPU.ActiveCfg = Debug|Any CPU
		{0040BE0B-06AC-4FB2-B52B-C36126BA1323}.Debug|Any CPU.Build.0 = Debug|Any CPU
		{0040BE0B-06AC-4FB2-B52B-C36126BA1323}.Release|Any CPU.ActiveCfg = Release|Any CPU
		{0040BE0B-06AC-4FB2-B52B-C36126BA1323}.Release|Any CPU.Build.0 = Release|Any CPU
		{807809FA-68BD-47A6-B882-860D2139FA62}.Debug|Any CPU.ActiveCfg = Debug|Any CPU
		{807809FA-68BD-47A6-B882-860D2139FA62}.Debug|Any CPU.Build.0 = Debug|Any CPU
		{807809FA-68BD-47A6-B882-860D2139FA62}.Release|Any CPU.ActiveCfg = Release|Any CPU
		{807809FA-68BD-47A6-B882-860D2139FA62}.Release|Any CPU.Build.0 = Release|Any CPU
		{7047273D-3013-4DDD-B20E-EE68DD3C0EBA}.Debug|Any CPU.ActiveCfg = Debug|Any CPU
		{7047273D-3013-4DDD-B20E-EE68DD3C0EBA}.Debug|Any CPU.Build.0 = Debug|Any CPU
		{7047273D-3013-4DDD-B20E-EE68DD3C0EBA}.Release|Any CPU.ActiveCfg = Release|Any CPU
		{7047273D-3013-4DDD-B20E-EE68DD3C0EBA}.Release|Any CPU.Build.0 = Release|Any CPU
		{EAE8C714-8C6F-4B25-8C14-941EE80903F7}.Debug|Any CPU.ActiveCfg = Debug|Any CPU
		{EAE8C714-8C6F-4B25-8C14-941EE80903F7}.Debug|Any CPU.Build.0 = Debug|Any CPU
		{EAE8C714-8C6F-4B25-8C14-941EE80903F7}.Release|Any CPU.ActiveCfg = Release|Any CPU
		{EAE8C714-8C6F-4B25-8C14-941EE80903F7}.Release|Any CPU.Build.0 = Release|Any CPU
	EndGlobalSection
	GlobalSection(SolutionProperties) = preSolution
		HideSolutionNode = FALSE
	EndGlobalSection
	GlobalSection(ExtensibilityGlobals) = postSolution
		SolutionGuid = {321FEFF9-3AF5-423D-A304-4E3F2628E16D}
	EndGlobalSection
EndGlobal
